<?xml version="1.0" encoding="utf-8"?>
<Project ToolsVersion="4.0" xmlns="http://schemas.microsoft.com/developer/msbuild/2003">
  <ItemGroup>
    <Filter Include="Source Files">
      <UniqueIdentifier>{4FC737F1-C7A5-4376-A066-2A32D752A2FF}</UniqueIdentifier>
      <Extensions>cpp;c;cc;cxx;def;odl;idl;hpj;bat;asm;asmx</Extensions>
    </Filter>
    <Filter Include="Header Files">
      <UniqueIdentifier>{93995380-89BD-4b04-88EB-625FBE52EBFB}</UniqueIdentifier>
      <Extensions>h;hh;hpp;hxx;hm;inl;inc;xsd</Extensions>
    </Filter>
    <Filter Include="Resource Files">
      <UniqueIdentifier>{67DA6AB6-F800-4c08-8B7A-83BB121AAD01}</UniqueIdentifier>
      <Extensions>rc;ico;cur;bmp;dlg;rc2;rct;bin;rgs;gif;jpg;jpeg;jpe;resx;tiff;tif;png;wav;mfcribbon-ms</Extensions>
    </Filter>
  </ItemGroup>
  <ItemGroup>
    <Text Include="ReadMe.txt" />
    <Text Include="..\Change Log.txt" />
    <Text Include="..\Todo.txt" />
  </ItemGroup>
  <ItemGroup>
    <ClInclude Include="Assets\Source\Graphics\Animation.h">
      <Filter>Header Files</Filter>
    </ClInclude>
    <ClInclude Include="Assets\Source\Graphics\Cutscene.h">
      <Filter>Header Files</Filter>
    </ClInclude>
    <ClInclude Include="Assets\Source\Graphics\Image.h">
      <Filter>Header Files</Filter>
    </ClInclude>
    <ClInclude Include="Assets\Source\Graphics\Text.h">
      <Filter>Header Files</Filter>
    </ClInclude>
    <ClInclude Include="Assets\Source\System\State.h">
      <Filter>Header Files</Filter>
    </ClInclude>
    <ClInclude Include="Assets\Source\System\StateManager.h">
      <Filter>Header Files</Filter>
    </ClInclude>
    <ClInclude Include="Assets\Source\System\Window.h">
      <Filter>Header Files</Filter>
    </ClInclude>
    <ClInclude Include="Assets\Source\Util\File.h">
      <Filter>Header Files</Filter>
    </ClInclude>
    <ClInclude Include="Assets\Source\Util\Save.h">
      <Filter>Header Files</Filter>
    </ClInclude>
    <ClInclude Include="Assets\Source\UI\Button.h">
      <Filter>Header Files</Filter>
    </ClInclude>
    <ClInclude Include="Assets\Source\UI\GUI.h">
      <Filter>Header Files</Filter>
    </ClInclude>
    <ClInclude Include="Assets\Source\UI\GamePad.h">
      <Filter>Header Files</Filter>
    </ClInclude>
    <ClInclude Include="Assets\Source\Math\Vector.h">
      <Filter>Header Files</Filter>
    </ClInclude>
    <ClInclude Include="Assets\Source\Math\Point.h">
      <Filter>Header Files</Filter>
    </ClInclude>
    <ClInclude Include="Assets\Source\AI\AI.h">
      <Filter>Header Files</Filter>
    </ClInclude>
    <ClInclude Include="Assets\Source\Graphics\Camera.h">
      <Filter>Header Files</Filter>
    </ClInclude>
    <ClInclude Include="Assets\Source\GameCore.h">
      <Filter>Header Files</Filter>
    </ClInclude>
    <ClInclude Include="Assets\Source\World\ITile.h">
      <Filter>Header Files</Filter>
    </ClInclude>
    <ClInclude Include="Assets\Source\World\TileMap.h">
      <Filter>Header Files</Filter>
    </ClInclude>
    <ClInclude Include="Assets\Source\World\ITileBatch.h">
      <Filter>Header Files</Filter>
    </ClInclude>
    <ClInclude Include="Assets\Source\Graphics\Renderer.h">
      <Filter>Header Files</Filter>
    </ClInclude>
    <ClInclude Include="Assets\Source\Graphics\IDrawable.h">
      <Filter>Header Files</Filter>
    </ClInclude>
    <ClInclude Include="Assets\Source\Graphics\RenderLayer.h">
      <Filter>Header Files</Filter>
    </ClInclude>
    <ClInclude Include="Assets\Source\Util\Vec.h">
      <Filter>Header Files</Filter>
    </ClInclude>
    <ClInclude Include="Assets\Source\Graphics\TextureCache.h">
      <Filter>Header Files</Filter>
    </ClInclude>
  </ItemGroup>
  <ItemGroup>
    <ClCompile Include="Assets\Source\Graphics\Cutscene.cpp">
      <Filter>Source Files</Filter>
    </ClCompile>
    <ClCompile Include="Assets\Source\Graphics\Image.cpp">
      <Filter>Source Files</Filter>
    </ClCompile>
    <ClCompile Include="Assets\Source\System\StateManager.cpp">
      <Filter>Source Files</Filter>
    </ClCompile>
    <ClCompile Include="Assets\Source\System\Window.cpp">
      <Filter>Source Files</Filter>
    </ClCompile>
    <ClCompile Include="Assets\Source\Graphics\Text.cpp">
      <Filter>Source Files</Filter>
    </ClCompile>
    <ClCompile Include="Assets\Source\Util\File.cpp">
      <Filter>Source Files</Filter>
    </ClCompile>
    <ClCompile Include="Assets\Source\Util\Save.cpp">
      <Filter>Source Files</Filter>
    </ClCompile>
    <ClCompile Include="Assets\Source\UI\Button.cpp">
      <Filter>Source Files</Filter>
    </ClCompile>
    <ClCompile Include="Assets\Source\UI\GUI.cpp">
      <Filter>Source Files</Filter>
    </ClCompile>
    <ClCompile Include="Assets\Source\UI\GamePad.cpp">
      <Filter>Source Files</Filter>
    </ClCompile>
    <ClCompile Include="Assets\Source\Math\Vector.cpp">
      <Filter>Source Files</Filter>
    </ClCompile>
    <ClCompile Include="Assets\Source\AI\AI.cpp">
      <Filter>Source Files</Filter>
    </ClCompile>
    <ClCompile Include="Assets\Source\Graphics\Camera.cpp">
      <Filter>Source Files</Filter>
    </ClCompile>
    <ClCompile Include="Assets\Source\GameCore.cpp">
      <Filter>Source Files</Filter>
    </ClCompile>
    <ClCompile Include="Assets\Source\World\ITile.cpp">
      <Filter>Source Files</Filter>
    </ClCompile>
    <ClCompile Include="Assets\Source\World\TileMap.cpp">
      <Filter>Source Files</Filter>
    </ClCompile>
    <ClCompile Include="Assets\Source\Graphics\Renderer.cpp">
      <Filter>Source Files</Filter>
    </ClCompile>
    <ClCompile Include="Assets\Source\Graphics\RenderLayer.cpp">
      <Filter>Source Files</Filter>
    </ClCompile>
    <ClCompile Include="Assets\Source\Graphics\IDrawable.cpp">
      <Filter>Source Files</Filter>
    </ClCompile>
    <ClCompile Include="Assets\Source\Util\Vec.cpp">
      <Filter>Source Files</Filter>
    </ClCompile>
    <ClCompile Include="Assets\Source\Graphics\TextureCache.cpp">
      <Filter>Source Files</Filter>
    </ClCompile>
  </ItemGroup>
</Project>