<?xml version="1.0" encoding="utf-8"?>
<Project ToolsVersion="4.0" xmlns="http://schemas.microsoft.com/developer/msbuild/2003">
  <ItemGroup>
    <Filter Include="Source Files">
      <UniqueIdentifier>{4FC737F1-C7A5-4376-A066-2A32D752A2FF}</UniqueIdentifier>
      <Extensions>cpp;c;cc;cxx;def;odl;idl;hpj;bat;asm;asmx</Extensions>
    </Filter>
    <Filter Include="Header Files">
      <UniqueIdentifier>{93995380-89BD-4b04-88EB-625FBE52EBFB}</UniqueIdentifier>
      <Extensions>h;hh;hpp;hxx;hm;inl;inc;xsd</Extensions>
    </Filter>
    <Filter Include="Resource Files">
      <UniqueIdentifier>{67DA6AB6-F800-4c08-8B7A-83BB121AAD01}</UniqueIdentifier>
      <Extensions>rc;ico;cur;bmp;dlg;rc2;rct;bin;rgs;gif;jpg;jpeg;jpe;resx;tiff;tif;png;wav;mfcribbon-ms</Extensions>
    </Filter>
    <Filter Include="Header Files\States">
      <UniqueIdentifier>{d7fbf667-2c95-4403-8e7d-04d313c619a4}</UniqueIdentifier>
    </Filter>
    <Filter Include="Source Files\States">
      <UniqueIdentifier>{877e5419-d600-4d3d-8d1c-cfec01723d07}</UniqueIdentifier>
    </Filter>
  </ItemGroup>
  <ItemGroup>
    <ClCompile Include="Source\main.cpp">
      <Filter>Source Files</Filter>
    </ClCompile>
    <ClCompile Include="Source\TestGame.cpp">
      <Filter>Source Files</Filter>
    </ClCompile>
    <ClCompile Include="Source\Tiles\TileDirt.cpp">
      <Filter>Source Files</Filter>
    </ClCompile>
    <ClCompile Include="Source\Tiles\TileStone.cpp">
      <Filter>Source Files</Filter>
    </ClCompile>
    <ClCompile Include="Source\Tiles\TileBatch.cpp">
      <Filter>Source Files</Filter>
    </ClCompile>
    <ClCompile Include="Source\Tiles\TileCobblestone.cpp">
      <Filter>Source Files</Filter>
    </ClCompile>
    <ClCompile Include="Source\Tiles\TileFern.cpp">
      <Filter>Source Files</Filter>
    </ClCompile>
    <ClCompile Include="Source\Tiles\TileGrass.cpp">
      <Filter>Source Files</Filter>
    </ClCompile>
  </ItemGroup>
  <ItemGroup>
    <ClInclude Include="Source\TestGame.h">
      <Filter>Header Files</Filter>
    </ClInclude>
    <ClInclude Include="Source\Tiles\TileDirt.h">
      <Filter>Header Files</Filter>
    </ClInclude>
    <ClInclude Include="Source\Tiles\TileStone.h">
      <Filter>Header Files</Filter>
    </ClInclude>
    <ClInclude Include="Source\Tiles\TileBatch.h">
      <Filter>Header Files</Filter>
    </ClInclude>
    <ClInclude Include="Source\Tiles\TileCobblestone.h">
      <Filter>Header Files</Filter>
    </ClInclude>
    <ClInclude Include="Source\Tiles\TileGrass.h">
      <Filter>Header Files</Filter>
    </ClInclude>
    <ClInclude Include="Source\Tiles\TileFern.h">
      <Filter>Header Files</Filter>
    </ClInclude>
  </ItemGroup>
  <ItemGroup>
    <None Include="Resources\Saves\TestFile.sav" />
    <None Include="Resources\Cutscenes\Intro\0000-0085.avi" />
    <None Include="Resources\Maps\Test World 1.csv" />
    <None Include="Resources\Maps\Small World Test.csv" />
  </ItemGroup>
  <ItemGroup>
    <Image Include="Resources\Cutscenes\Intro\0.png">
      <Filter>Resource Files</Filter>
    </Image>
    <Image Include="Resources\Cutscenes\Intro\1.png">
      <Filter>Resource Files</Filter>
    </Image>
    <Image Include="Resources\Cutscenes\Intro\2.png">
      <Filter>Resource Files</Filter>
    </Image>
    <Image Include="Resources\Cutscenes\Intro\3.png">
      <Filter>Resource Files</Filter>
    </Image>
    <Image Include="Resources\Cutscenes\Intro\4.png">
      <Filter>Resource Files</Filter>
    </Image>
    <Image Include="Resources\Cutscenes\Intro\5.png">
      <Filter>Resource Files</Filter>
    </Image>
    <Image Include="Resources\Cutscenes\Intro\6.png">
      <Filter>Resource Files</Filter>
    </Image>
    <Image Include="Resources\Cutscenes\Intro\7.png">
      <Filter>Resource Files</Filter>
    </Image>
    <Image Include="Resources\Cutscenes\Intro\8.png">
      <Filter>Resource Files</Filter>
    </Image>
    <Image Include="Resources\Cutscenes\Intro\9.png">
      <Filter>Resource Files</Filter>
    </Image>
    <Image Include="Resources\Cutscenes\Intro\10.png">
      <Filter>Resource Files</Filter>
    </Image>
    <Image Include="Resources\Cutscenes\Intro\11.png">
      <Filter>Resource Files</Filter>
    </Image>
    <Image Include="Resources\Cutscenes\Intro\12.png">
      <Filter>Resource Files</Filter>
    </Image>
    <Image Include="Resources\Cutscenes\Intro\13.png">
      <Filter>Resource Files</Filter>
    </Image>
    <Image Include="Resources\Cutscenes\Intro\14.png">
      <Filter>Resource Files</Filter>
    </Image>
    <Image Include="Resources\Cutscenes\Intro\15.png">
      <Filter>Resource Files</Filter>
    </Image>
    <Image Include="Resources\Cutscenes\Intro\16.png">
      <Filter>Resource Files</Filter>
    </Image>
    <Image Include="Resources\Cutscenes\Intro\17.png">
      <Filter>Resource Files</Filter>
    </Image>
    <Image Include="Resources\Cutscenes\Intro\18.png">
      <Filter>Resource Files</Filter>
    </Image>
    <Image Include="Resources\Cutscenes\Intro\19.png">
      <Filter>Resource Files</Filter>
    </Image>
    <Image Include="Resources\Cutscenes\Intro\20.png">
      <Filter>Resource Files</Filter>
    </Image>
    <Image Include="Resources\Cutscenes\Intro\21.png">
      <Filter>Resource Files</Filter>
    </Image>
    <Image Include="Resources\Cutscenes\Intro\22.png">
      <Filter>Resource Files</Filter>
    </Image>
    <Image Include="Resources\Cutscenes\Intro\23.png">
      <Filter>Resource Files</Filter>
    </Image>
    <Image Include="Resources\Cutscenes\Intro\24.png">
      <Filter>Resource Files</Filter>
    </Image>
    <Image Include="Resources\Cutscenes\Intro\25.png">
      <Filter>Resource Files</Filter>
    </Image>
    <Image Include="Resources\Cutscenes\Intro\26.png">
      <Filter>Resource Files</Filter>
    </Image>
    <Image Include="Resources\Cutscenes\Intro\27.png">
      <Filter>Resource Files</Filter>
    </Image>
    <Image Include="Resources\Cutscenes\Intro\28.png">
      <Filter>Resource Files</Filter>
    </Image>
    <Image Include="Resources\Cutscenes\Intro\29.png">
      <Filter>Resource Files</Filter>
    </Image>
    <Image Include="Resources\Cutscenes\Intro\30.png">
      <Filter>Resource Files</Filter>
    </Image>
    <Image Include="Resources\Cutscenes\Intro\31.png">
      <Filter>Resource Files</Filter>
    </Image>
    <Image Include="Resources\Cutscenes\Intro\32.png">
      <Filter>Resource Files</Filter>
    </Image>
    <Image Include="Resources\Cutscenes\Intro\33.png">
      <Filter>Resource Files</Filter>
    </Image>
    <Image Include="Resources\Cutscenes\Intro\34.png">
      <Filter>Resource Files</Filter>
    </Image>
    <Image Include="Resources\Cutscenes\Intro\35.png">
      <Filter>Resource Files</Filter>
    </Image>
    <Image Include="Resources\Cutscenes\Intro\36.png">
      <Filter>Resource Files</Filter>
    </Image>
    <Image Include="Resources\Cutscenes\Intro\37.png">
      <Filter>Resource Files</Filter>
    </Image>
    <Image Include="Resources\Cutscenes\Intro\38.png">
      <Filter>Resource Files</Filter>
    </Image>
    <Image Include="Resources\Cutscenes\Intro\39.png">
      <Filter>Resource Files</Filter>
    </Image>
    <Image Include="Resources\Cutscenes\Intro\40.png">
      <Filter>Resource Files</Filter>
    </Image>
    <Image Include="Resources\Cutscenes\Intro\41.png">
      <Filter>Resource Files</Filter>
    </Image>
    <Image Include="Resources\Cutscenes\Intro\42.png">
      <Filter>Resource Files</Filter>
    </Image>
    <Image Include="Resources\Cutscenes\Intro\43.png">
      <Filter>Resource Files</Filter>
    </Image>
    <Image Include="Resources\Cutscenes\Intro\44.png">
      <Filter>Resource Files</Filter>
    </Image>
    <Image Include="Resources\Cutscenes\Intro\45.png">
      <Filter>Resource Files</Filter>
    </Image>
    <Image Include="Resources\Cutscenes\Intro\46.png">
      <Filter>Resource Files</Filter>
    </Image>
    <Image Include="Resources\Cutscenes\Intro\47.png">
      <Filter>Resource Files</Filter>
    </Image>
    <Image Include="Resources\Cutscenes\Intro\48.png">
      <Filter>Resource Files</Filter>
    </Image>
    <Image Include="Resources\Cutscenes\Intro\49.png">
      <Filter>Resource Files</Filter>
    </Image>
    <Image Include="Resources\Cutscenes\Intro\50.png">
      <Filter>Resource Files</Filter>
    </Image>
    <Image Include="Resources\Cutscenes\Intro\51.png">
      <Filter>Resource Files</Filter>
    </Image>
    <Image Include="Resources\Cutscenes\Intro\52.png">
      <Filter>Resource Files</Filter>
    </Image>
    <Image Include="Resources\Cutscenes\Intro\53.png">
      <Filter>Resource Files</Filter>
    </Image>
    <Image Include="Resources\Cutscenes\Intro\54.png">
      <Filter>Resource Files</Filter>
    </Image>
    <Image Include="Resources\Cutscenes\Intro\55.png">
      <Filter>Resource Files</Filter>
    </Image>
    <Image Include="Resources\Cutscenes\Intro\56.png">
      <Filter>Resource Files</Filter>
    </Image>
    <Image Include="Resources\Cutscenes\Intro\57.png">
      <Filter>Resource Files</Filter>
    </Image>
    <Image Include="Resources\Cutscenes\Intro\58.png">
      <Filter>Resource Files</Filter>
    </Image>
    <Image Include="Resources\Cutscenes\Intro\59.png">
      <Filter>Resource Files</Filter>
    </Image>
    <Image Include="Resources\Cutscenes\Intro\60.png">
      <Filter>Resource Files</Filter>
    </Image>
    <Image Include="Resources\Cutscenes\Intro\61.png">
      <Filter>Resource Files</Filter>
    </Image>
    <Image Include="Resources\Cutscenes\Intro\62.png">
      <Filter>Resource Files</Filter>
    </Image>
    <Image Include="Resources\Cutscenes\Intro\63.png">
      <Filter>Resource Files</Filter>
    </Image>
    <Image Include="Resources\Cutscenes\Intro\64.png">
      <Filter>Resource Files</Filter>
    </Image>
    <Image Include="Resources\Cutscenes\Intro\65.png">
      <Filter>Resource Files</Filter>
    </Image>
    <Image Include="Resources\Cutscenes\Intro\66.png">
      <Filter>Resource Files</Filter>
    </Image>
    <Image Include="Resources\Cutscenes\Intro\67.png">
      <Filter>Resource Files</Filter>
    </Image>
    <Image Include="Resources\Cutscenes\Intro\68.png">
      <Filter>Resource Files</Filter>
    </Image>
    <Image Include="Resources\Cutscenes\Intro\69.png">
      <Filter>Resource Files</Filter>
    </Image>
    <Image Include="Resources\Cutscenes\Intro\70.png">
      <Filter>Resource Files</Filter>
    </Image>
    <Image Include="Resources\Cutscenes\Intro\71.png">
      <Filter>Resource Files</Filter>
    </Image>
    <Image Include="Resources\Cutscenes\Intro\72.png">
      <Filter>Resource Files</Filter>
    </Image>
    <Image Include="Resources\Cutscenes\Intro\73.png">
      <Filter>Resource Files</Filter>
    </Image>
    <Image Include="Resources\Cutscenes\Intro\74.png">
      <Filter>Resource Files</Filter>
    </Image>
    <Image Include="Resources\Cutscenes\Intro\75.png">
      <Filter>Resource Files</Filter>
    </Image>
    <Image Include="Resources\Cutscenes\Intro\76.png">
      <Filter>Resource Files</Filter>
    </Image>
    <Image Include="Resources\Cutscenes\Intro\77.png">
      <Filter>Resource Files</Filter>
    </Image>
    <Image Include="Resources\Cutscenes\Intro\78.png">
      <Filter>Resource Files</Filter>
    </Image>
    <Image Include="Resources\Cutscenes\Intro\79.png">
      <Filter>Resource Files</Filter>
    </Image>
    <Image Include="Resources\Cutscenes\Intro\80.png">
      <Filter>Resource Files</Filter>
    </Image>
    <Image Include="Resources\Cutscenes\Intro\81.png">
      <Filter>Resource Files</Filter>
    </Image>
    <Image Include="Resources\Cutscenes\Intro\82.png">
      <Filter>Resource Files</Filter>
    </Image>
    <Image Include="Resources\Cutscenes\Intro\83.png">
      <Filter>Resource Files</Filter>
    </Image>
    <Image Include="Resources\Cutscenes\Intro\84.png">
      <Filter>Resource Files</Filter>
    </Image>
    <Image Include="Resources\Cutscenes\Intro\85.png">
      <Filter>Resource Files</Filter>
    </Image>
    <Image Include="Resources\Cutscenes\Intro\86.png">
      <Filter>Resource Files</Filter>
    </Image>
    <Image Include="Resources\Cutscenes\Intro\87.png">
      <Filter>Resource Files</Filter>
    </Image>
    <Image Include="Resources\Cutscenes\Intro\88.png">
      <Filter>Resource Files</Filter>
    </Image>
    <Image Include="Resources\Cutscenes\Intro\89.png">
      <Filter>Resource Files</Filter>
    </Image>
    <Image Include="Resources\Cutscenes\Intro\90.png">
      <Filter>Resource Files</Filter>
    </Image>
    <Image Include="Resources\Cutscenes\Intro\91.png">
      <Filter>Resource Files</Filter>
    </Image>
    <Image Include="Resources\Cutscenes\Intro\92.png">
      <Filter>Resource Files</Filter>
    </Image>
    <Image Include="Resources\Cutscenes\Intro\93.png">
      <Filter>Resource Files</Filter>
    </Image>
    <Image Include="Resources\Cutscenes\Intro\94.png">
      <Filter>Resource Files</Filter>
    </Image>
    <Image Include="Resources\Cutscenes\Intro\95.png">
      <Filter>Resource Files</Filter>
    </Image>
    <Image Include="Resources\Cutscenes\Intro\96.png">
      <Filter>Resource Files</Filter>
    </Image>
    <Image Include="Resources\Cutscenes\Intro\97.png">
      <Filter>Resource Files</Filter>
    </Image>
    <Image Include="Resources\Cutscenes\Intro\98.png">
      <Filter>Resource Files</Filter>
    </Image>
    <Image Include="Resources\Cutscenes\Intro\99.png">
      <Filter>Resource Files</Filter>
    </Image>
    <Image Include="Resources\Textures\Background.png">
      <Filter>Resource Files</Filter>
    </Image>
    <Image Include="Resources\Textures\Button.png">
      <Filter>Resource Files</Filter>
    </Image>
    <Image Include="Resources\Textures\Player.png">
      <Filter>Resource Files</Filter>
    </Image>
    <Image Include="Resources\Textures\Sprite Sheet.png">
      <Filter>Resource Files</Filter>
    </Image>
    <Image Include="Resources\Textures\Blocks\Dirt.png">
      <Filter>Resource Files</Filter>
    </Image>
    <Image Include="Resources\Textures\Blocks\Flower.png">
      <Filter>Resource Files</Filter>
    </Image>
    <Image Include="Resources\Textures\Blocks\Grass.png">
      <Filter>Resource Files</Filter>
    </Image>
    <Image Include="Resources\Textures\Blocks\Stone.png">
      <Filter>Resource Files</Filter>
    </Image>
    <Image Include="Resources\Textures\Blocks\Fern.png">
      <Filter>Resource Files</Filter>
    </Image>
    <Image Include="Resources\Textures\Blocks\Leaves.png">
      <Filter>Resource Files</Filter>
    </Image>
    <Image Include="Resources\Textures\Blocks\Tree Base.png">
      <Filter>Resource Files</Filter>
    </Image>
    <Image Include="Resources\Textures\Blocks\Tree.png">
      <Filter>Resource Files</Filter>
    </Image>
  </ItemGroup>
  <ItemGroup>
    <Font Include="Resources\Fonts\Arial\Arial Bold.ttf" />
    <Font Include="Resources\Fonts\Arial\Arial Bold-Italic.ttf" />
    <Font Include="Resources\Fonts\Arial\Arial Italic.ttf" />
    <Font Include="Resources\Fonts\Arial\Arial.ttf" />
    <Font Include="Resources\Fonts\Segoe Script\Segoe Script Bold.ttf" />
    <Font Include="Resources\Fonts\Segoe Script\Segoe Script.ttf" />
  </ItemGroup>
</Project>